
Microsoft Visual Studio Solution File, Format Version 12.00
# Visual Studio Version 17
VisualStudioVersion = 17.9.34616.47
MinimumVisualStudioVersion = 10.0.40219.1
Project("{9A19103F-16F7-4668-BE54-9A1E7A4F7556}") = "Tree", "Tree\Tree.csproj", "{4E44ADF7-E040-40F4-A170-7C1E404F4E1C}"
EndProject
Global
	GlobalSection(SolutionConfigurationPlatforms) = preSolution
		Debug|Any CPU = Debug|Any CPU
		Release|Any CPU = Release|Any CPU
	EndGlobalSection
	GlobalSection(ProjectConfigurationPlatforms) = postSolution
		{4E44ADF7-E040-40F4-A170-7C1E404F4E1C}.Debug|Any CPU.ActiveCfg = Debug|Any CPU
		{4E44ADF7-E040-40F4-A170-7C1E404F4E1C}.Debug|Any CPU.Build.0 = Debug|Any CPU
		{4E44ADF7-E040-40F4-A170-7C1E404F4E1C}.Release|Any CPU.ActiveCfg = Release|Any CPU
		{4E44ADF7-E040-40F4-A170-7C1E404F4E1C}.Release|Any CPU.Build.0 = Release|Any CPU
	EndGlobalSection
	GlobalSection(SolutionProperties) = preSolution
		HideSolutionNode = FALSE
	EndGlobalSection
	GlobalSection(ExtensibilityGlobals) = postSolution
		SolutionGuid = {876ACA8D-A783-4F19-BF24-F29A4518DFE8}
	EndGlobalSection
EndGlobal
